Microsoft Visual Studio Solution File, Format Version 12.00
# Visual Studio Version 17
VisualStudioVersion = 17.5.2.0
MinimumVisualStudioVersion = 10.0.40219.1
Project("{FAE04EC0-301F-11D3-BF4B-00C04F79EFBC}") = "DMInps", "DMInps.csproj", "{5309377A-833F-9F7A-0D5D-A93D7442EFD3}"
EndProject
Project("{FAE04EC0-301F-11D3-BF4B-00C04F79EFBC}") = "debugEstraiCodiciMedici", "debugs\debugEstraiCodiciMedici\debugEstraiCodiciMedici.csproj", "{48D8D517-03E1-49E8-87F4-603C05BA1740}"
EndProject
Global
	GlobalSection(SolutionConfigurationPlatforms) = preSolution
		Debug|Any CPU = Debug|Any CPU
		Release|Any CPU = Release|Any CPU
	EndGlobalSection
	GlobalSection(ProjectConfigurationPlatforms) = postSolution
		{5309377A-833F-9F7A-0D5D-A93D7442EFD3}.Debug|Any CPU.ActiveCfg = Debug|Any CPU
		{5309377A-833F-9F7A-0D5D-A93D7442EFD3}.Debug|Any CPU.Build.0 = Debug|Any CPU
		{5309377A-833F-9F7A-0D5D-A93D7442EFD3}.Release|Any CPU.ActiveCfg = Release|Any CPU
		{5309377A-833F-9F7A-0D5D-A93D7442EFD3}.Release|Any CPU.Build.0 = Release|Any CPU
		{48D8D517-03E1-49E8-87F4-603C05BA1740}.Debug|Any CPU.ActiveCfg = Debug|Any CPU
		{48D8D517-03E1-49E8-87F4-603C05BA1740}.Debug|Any CPU.Build.0 = Debug|Any CPU
		{48D8D517-03E1-49E8-87F4-603C05BA1740}.Release|Any CPU.ActiveCfg = Release|Any CPU
		{48D8D517-03E1-49E8-87F4-603C05BA1740}.Release|Any CPU.Build.0 = Release|Any CPU
	EndGlobalSection
	GlobalSection(SolutionProperties) = preSolution
		HideSolutionNode = FALSE
	EndGlobalSection
	GlobalSection(ExtensibilityGlobals) = postSolution
		SolutionGuid = {5B081764-3EBE-4251-BA0A-7BB1FFC73E22}
	EndGlobalSection
EndGlobal
